
Microsoft Visual Studio Solution File, Format Version 12.00
# Visual Studio Version 17
VisualStudioVersion = 17.4.33213.308
MinimumVisualStudioVersion = 10.0.40219.1
Project("{FAE04EC0-301F-11D3-BF4B-00C04F79EFBC}") = "disposableObjectExample", "disposableObjectExample\disposableObjectExample.csproj", "{986AF3B9-F53F-4580-BB9E-FA9C4A0B329F}"
EndProject
Global
	GlobalSection(SolutionConfigurationPlatforms) = preSolution
		Debug|Any CPU = Debug|Any CPU
		Release|Any CPU = Release|Any CPU
	EndGlobalSection
	GlobalSection(ProjectConfigurationPlatforms) = postSolution
		{986AF3B9-F53F-4580-BB9E-FA9C4A0B329F}.Debug|Any CPU.ActiveCfg = Debug|Any CPU
		{986AF3B9-F53F-4580-BB9E-FA9C4A0B329F}.Debug|Any CPU.Build.0 = Debug|Any CPU
		{986AF3B9-F53F-4580-BB9E-FA9C4A0B329F}.Release|Any CPU.ActiveCfg = Release|Any CPU
		{986AF3B9-F53F-4580-BB9E-FA9C4A0B329F}.Release|Any CPU.Build.0 = Release|Any CPU
	EndGlobalSection
	GlobalSection(SolutionProperties) = preSolution
		HideSolutionNode = FALSE
	EndGlobalSection
	GlobalSection(ExtensibilityGlobals) = postSolution
		SolutionGuid = {343600E7-00C7-4AF1-AF04-98A392F92EDD}
	EndGlobalSection
EndGlobal
